{
  "version": 4,
  "terraform_version": "1.14.8",
  "serial": 10,
  "lineage": "fe0b3d10-f9d3-6e44-9540-5ad218cda3d7",
  "outputs": {},
  "resources": [
    {
      "mode": "managed",
      "type": "local_file",
      "name": "terraform-local-test",
      "provider": "provider[\"registry.terraform.io/hashicorp/local\"]",
      "instances": [
        {
          "schema_version": 0,
          "attributes": {
            "content": "variable content test",
            "content_base64": null,
            "content_base64sha256": "b3K7WNlFQMvfefdY/FALHBAa+IYv40RdPJsvxAOyzz8=",
            "content_base64sha512": "U/Sv/5nMe/FuUvpyrgu4i1vALjwoBd+LIZKexpfP2T2XHS2MZ9uNjTB597zGtcgp3vwyyQELaW/lDybnc9ZbKQ==",
            "content_md5": "cfe2b2f56a0efb63061770399daffeeb",
            "content_sha1": "b8eefa703b4027b7edb8ac13293d147acd9a149d",
            "content_sha256": "6f72bb58d94540cbdf79f758fc500b1c101af8862fe3445d3c9b2fc403b2cf3f",
            "content_sha512": "53f4afff99cc7bf16e52fa72ae0bb88b5bc02e3c2805df8b21929ec697cfd93d971d2d8c67db8d8d3079f7bcc6b5c829defc32c9010b696fe50f26e773d65b29",
            "directory_permission": "0777",
            "file_permission": "0777",
            "filename": "/users/tigerbig/learn-devops/learn-devops/terraform-labs/terraform-local/terraform-local.txt",
            "id": "b8eefa703b4027b7edb8ac13293d147acd9a149d",
            "sensitive_content": null,
            "source": null
          },
          "sensitive_attributes": [
            [
              {
                "type": "get_attr",
                "value": "sensitive_content"
              }
            ]
          ],
          "identity_schema_version": 0
        }
      ]
    }
  ],
  "check_results": null
}
